
Microsoft Visual Studio Solution File, Format Version 12.00
# Visual Studio 15
VisualStudioVersion = 15.0.27428.2015
MinimumVisualStudioVersion = 10.0.40219.1
Project("{FAE04EC0-301F-11D3-BF4B-00C04F79EFBC}") = "Alumnos", "Alumnos\Alumnos.csproj", "{8AABF48A-FB98-46A0-A545-7566005224BC}"
EndProject
Global
	GlobalSection(SolutionConfigurationPlatforms) = preSolution
		Debug|Any CPU = Debug|Any CPU
		Release|Any CPU = Release|Any CPU
	EndGlobalSection
	GlobalSection(ProjectConfigurationPlatforms) = postSolution
		{8AABF48A-FB98-46A0-A545-7566005224BC}.Debug|Any CPU.ActiveCfg = Debug|Any CPU
		{8AABF48A-FB98-46A0-A545-7566005224BC}.Debug|Any CPU.Build.0 = Debug|Any CPU
		{8AABF48A-FB98-46A0-A545-7566005224BC}.Release|Any CPU.ActiveCfg = Release|Any CPU
		{8AABF48A-FB98-46A0-A545-7566005224BC}.Release|Any CPU.Build.0 = Release|Any CPU
	EndGlobalSection
	GlobalSection(SolutionProperties) = preSolution
		HideSolutionNode = FALSE
	EndGlobalSection
	GlobalSection(ExtensibilityGlobals) = postSolution
		SolutionGuid = {C09CAED3-D633-46FB-B60B-A210AB2D14F8}
	EndGlobalSection
EndGlobal
